// !$*UTF8*$!
{
	archiveVersion = 1;
	classes = {
	};
	objectVersion = 56;
	objects = {

/* Begin PBXBuildFile section */
		7080850F2A13F10500FF933A /* WiseAppApp.swift in Sources */ = {isa = PBXBuildFile; fileRef = 7080850E2A13F10500FF933A /* WiseAppApp.swift */; };
		708085112A13F10500FF933A /* ContentView.swift in Sources */ = {isa = PBXBuildFile; fileRef = 708085102A13F10500FF933A /* ContentView.swift */; };
		708085132A13F10700FF933A /* Assets.xcassets in Resources */ = {isa = PBXBuildFile; fileRef = 708085122A13F10700FF933A /* Assets.xcassets */; };
		708085162A13F10700FF933A /* Preview Assets.xcassets in Resources */ = {isa = PBXBuildFile; fileRef = 708085152A13F10700FF933A /* Preview Assets.xcassets */; };
		708085202A13F10700FF933A /* WiseAppTests.swift in Sources */ = {isa = PBXBuildFile; fileRef = 7080851F2A13F10700FF933A /* WiseAppTests.swift */; };
		7080852A2A13F10700FF933A /* WiseAppUITests.swift in Sources */ = {isa = PBXBuildFile; fileRef = 708085292A13F10700FF933A /* WiseAppUITests.swift */; };
		7080852C2A13F10700FF933A /* WiseAppUITestsLaunchTests.swift in Sources */ = {isa = PBXBuildFile; fileRef = 7080852B2A13F10700FF933A /* WiseAppUITestsLaunchTests.swift */; };
		708085392A13FE2400FF933A /* IntroUI.swift in Sources */ = {isa = PBXBuildFile; fileRef = 708085382A13FE2400FF933A /* IntroUI.swift */; };
		7080853B2A13FF9900FF933A /* Flow2.swift in Sources */ = {isa = PBXBuildFile; fileRef = 7080853A2A13FF9900FF933A /* Flow2.swift */; };
		7080853D2A14125E00FF933A /* Flow3.swift in Sources */ = {isa = PBXBuildFile; fileRef = 7080853C2A14125E00FF933A /* Flow3.swift */; };
		7080853F2A14236B00FF933A /* Flow4.swift in Sources */ = {isa = PBXBuildFile; fileRef = 7080853E2A14236B00FF933A /* Flow4.swift */; };
		708085412A14251E00FF933A /* Flow5.swift in Sources */ = {isa = PBXBuildFile; fileRef = 708085402A14251E00FF933A /* Flow5.swift */; };
		708085432A14281500FF933A /* Flow6.swift in Sources */ = {isa = PBXBuildFile; fileRef = 708085422A14281500FF933A /* Flow6.swift */; };
		708085452A1428F400FF933A /* Flow7.swift in Sources */ = {isa = PBXBuildFile; fileRef = 708085442A1428F400FF933A /* Flow7.swift */; };
		708085472A142BC500FF933A /* EnterEmailView.swift in Sources */ = {isa = PBXBuildFile; fileRef = 708085462A142BC500FF933A /* EnterEmailView.swift */; };
		708085492A14355C00FF933A /* AllDoneView.swift in Sources */ = {isa = PBXBuildFile; fileRef = 708085482A14355C00FF933A /* AllDoneView.swift */; };
		7080854B2A143C7200FF933A /* NotificationView.swift in Sources */ = {isa = PBXBuildFile; fileRef = 7080854A2A143C7200FF933A /* NotificationView.swift */; };
		7080854D2A143DAA00FF933A /* MainPageView.swift in Sources */ = {isa = PBXBuildFile; fileRef = 7080854C2A143DAA00FF933A /* MainPageView.swift */; };
/* End PBXBuildFile section */

/* Begin PBXContainerItemProxy section */
		7080851C2A13F10700FF933A /* PBXContainerItemProxy */ = {
			isa = PBXContainerItemProxy;
			containerPortal = 708085032A13F10500FF933A /* Project object */;
			proxyType = 1;
			remoteGlobalIDString = 7080850A2A13F10500FF933A;
			remoteInfo = WiseApp;
		};
		708085262A13F10700FF933A /* PBXContainerItemProxy */ = {
			isa = PBXContainerItemProxy;
			containerPortal = 708085032A13F10500FF933A /* Project object */;
			proxyType = 1;
			remoteGlobalIDString = 7080850A2A13F10500FF933A;
			remoteInfo = WiseApp;
		};
/* End PBXContainerItemProxy section */

/* Begin PBXFileReference section */
		7080850B2A13F10500FF933A /* WiseApp.app */ = {isa = PBXFileReference; explicitFileType = wrapper.application; includeInIndex = 0; path = WiseApp.app; sourceTree = BUILT_PRODUCTS_DIR; };
		7080850E2A13F10500FF933A /* WiseAppApp.swift */ = {isa = PBXFileReference; lastKnownFileType = sourcecode.swift; path = WiseAppApp.swift; sourceTree = "<group>"; };
		708085102A13F10500FF933A /* ContentView.swift */ = {isa = PBXFileReference; lastKnownFileType = sourcecode.swift; path = ContentView.swift; sourceTree = "<group>"; };
		708085122A13F10700FF933A /* Assets.xcassets */ = {isa = PBXFileReference; lastKnownFileType = folder.assetcatalog; path = Assets.xcassets; sourceTree = "<group>"; };
		708085152A13F10700FF933A /* Preview Assets.xcassets */ = {isa = PBXFileReference; lastKnownFileType = folder.assetcatalog; path = "Preview Assets.xcassets"; sourceTree = "<group>"; };
		7080851B2A13F10700FF933A /* WiseAppTests.xctest */ = {isa = PBXFileReference; explicitFileType = wrapper.cfbundle; includeInIndex = 0; path = WiseAppTests.xctest; sourceTree = BUILT_PRODUCTS_DIR; };
		7080851F2A13F10700FF933A /* WiseAppTests.swift */ = {isa = PBXFileReference; lastKnownFileType = sourcecode.swift; path = WiseAppTests.swift; sourceTree = "<group>"; };
		708085252A13F10700FF933A /* WiseAppUITests.xctest */ = {isa = PBXFileReference; explicitFileType = wrapper.cfbundle; includeInIndex = 0; path = WiseAppUITests.xctest; sourceTree = BUILT_PRODUCTS_DIR; };
		708085292A13F10700FF933A /* WiseAppUITests.swift */ = {isa = PBXFileReference; lastKnownFileType = sourcecode.swift; path = WiseAppUITests.swift; sourceTree = "<group>"; };
		7080852B2A13F10700FF933A /* WiseAppUITestsLaunchTests.swift */ = {isa = PBXFileReference; lastKnownFileType = sourcecode.swift; path = WiseAppUITestsLaunchTests.swift; sourceTree = "<group>"; };
		708085382A13FE2400FF933A /* IntroUI.swift */ = {isa = PBXFileReference; lastKnownFileType = sourcecode.swift; path = IntroUI.swift; sourceTree = "<group>"; };
		7080853A2A13FF9900FF933A /* Flow2.swift */ = {isa = PBXFileReference; lastKnownFileType = sourcecode.swift; path = Flow2.swift; sourceTree = "<group>"; };
		7080853C2A14125E00FF933A /* Flow3.swift */ = {isa = PBXFileReference; lastKnownFileType = sourcecode.swift; path = Flow3.swift; sourceTree = "<group>"; };
		7080853E2A14236B00FF933A /* Flow4.swift */ = {isa = PBXFileReference; lastKnownFileType = sourcecode.swift; path = Flow4.swift; sourceTree = "<group>"; };
		708085402A14251E00FF933A /* Flow5.swift */ = {isa = PBXFileReference; lastKnownFileType = sourcecode.swift; path = Flow5.swift; sourceTree = "<group>"; };
		708085422A14281500FF933A /* Flow6.swift */ = {isa = PBXFileReference; lastKnownFileType = sourcecode.swift; path = Flow6.swift; sourceTree = "<group>"; };
		708085442A1428F400FF933A /* Flow7.swift */ = {isa = PBXFileReference; lastKnownFileType = sourcecode.swift; path = Flow7.swift; sourceTree = "<group>"; };
		708085462A142BC500FF933A /* EnterEmailView.swift */ = {isa = PBXFileReference; lastKnownFileType = sourcecode.swift; path = EnterEmailView.swift; sourceTree = "<group>"; };
		708085482A14355C00FF933A /* AllDoneView.swift */ = {isa = PBXFileReference; lastKnownFileType = sourcecode.swift; path = AllDoneView.swift; sourceTree = "<group>"; };
		7080854A2A143C7200FF933A /* NotificationView.swift */ = {isa = PBXFileReference; lastKnownFileType = sourcecode.swift; path = NotificationView.swift; sourceTree = "<group>"; };
		7080854C2A143DAA00FF933A /* MainPageView.swift */ = {isa = PBXFileReference; lastKnownFileType = sourcecode.swift; path = MainPageView.swift; sourceTree = "<group>"; };
/* End PBXFileReference section */

/* Begin PBXFrameworksBuildPhase section */
		708085082A13F10500FF933A /* Frameworks */ = {
			isa = PBXFrameworksBuildPhase;
			buildActionMask = 2147483647;
			files = (
			);
			runOnlyForDeploymentPostprocessing = 0;
		};
		708085182A13F10700FF933A /* Frameworks */ = {
			isa = PBXFrameworksBuildPhase;
			buildActionMask = 2147483647;
			files = (
			);
			runOnlyForDeploymentPostprocessing = 0;
		};
		708085222A13F10700FF933A /* Frameworks */ = {
			isa = PBXFrameworksBuildPhase;
			buildActionMask = 2147483647;
			files = (
			);
			runOnlyForDeploymentPostprocessing = 0;
		};
/* End PBXFrameworksBuildPhase section */

/* Begin PBXGroup section */
		708085022A13F10500FF933A = {
			isa = PBXGroup;
			children = (
				7080850D2A13F10500FF933A /* WiseApp */,
				7080851E2A13F10700FF933A /* WiseAppTests */,
				708085282A13F10700FF933A /* WiseAppUITests */,
				7080850C2A13F10500FF933A /* Products */,
			);
			sourceTree = "<group>";
		};
		7080850C2A13F10500FF933A /* Products */ = {
			isa = PBXGroup;
			children = (
				7080850B2A13F10500FF933A /* WiseApp.app */,
				7080851B2A13F10700FF933A /* WiseAppTests.xctest */,
				708085252A13F10700FF933A /* WiseAppUITests.xctest */,
			);
			name = Products;
			sourceTree = "<group>";
		};
		7080850D2A13F10500FF933A /* WiseApp */ = {
			isa = PBXGroup;
			children = (
				7080850E2A13F10500FF933A /* WiseAppApp.swift */,
				708085102A13F10500FF933A /* ContentView.swift */,
				708085382A13FE2400FF933A /* IntroUI.swift */,
				7080853A2A13FF9900FF933A /* Flow2.swift */,
				7080853C2A14125E00FF933A /* Flow3.swift */,
				7080853E2A14236B00FF933A /* Flow4.swift */,
				708085402A14251E00FF933A /* Flow5.swift */,
				708085422A14281500FF933A /* Flow6.swift */,
				708085442A1428F400FF933A /* Flow7.swift */,
				708085462A142BC500FF933A /* EnterEmailView.swift */,
				708085482A14355C00FF933A /* AllDoneView.swift */,
				7080854A2A143C7200FF933A /* NotificationView.swift */,
				7080854C2A143DAA00FF933A /* MainPageView.swift */,
				708085122A13F10700FF933A /* Assets.xcassets */,
				708085142A13F10700FF933A /* Preview Content */,
			);
			path = WiseApp;
			sourceTree = "<group>";
		};
		708085142A13F10700FF933A /* Preview Content */ = {
			isa = PBXGroup;
			children = (
				708085152A13F10700FF933A /* Preview Assets.xcassets */,
			);
			path = "Preview Content";
			sourceTree = "<group>";
		};
		7080851E2A13F10700FF933A /* WiseAppTests */ = {
			isa = PBXGroup;
			children = (
				7080851F2A13F10700FF933A /* WiseAppTests.swift */,
			);
			path = WiseAppTests;
			sourceTree = "<group>";
		};
		708085282A13F10700FF933A /* WiseAppUITests */ = {
			isa = PBXGroup;
			children = (
				708085292A13F10700FF933A /* WiseAppUITests.swift */,
				7080852B2A13F10700FF933A /* WiseAppUITestsLaunchTests.swift */,
			);
			path = WiseAppUITests;
			sourceTree = "<group>";
		};
/* End PBXGroup section */

/* Begin PBXNativeTarget section */
		7080850A2A13F10500FF933A /* WiseApp */ = {
			isa = PBXNativeTarget;
			buildConfigurationList = 7080852F2A13F10700FF933A /* Build configuration list for PBXNativeTarget "WiseApp" */;
			buildPhases = (
				708085072A13F10500FF933A /* Sources */,
				708085082A13F10500FF933A /* Frameworks */,
				708085092A13F10500FF933A /* Resources */,
			);
			buildRules = (
			);
			dependencies = (
			);
			name = WiseApp;
			productName = WiseApp;
			productReference = 7080850B2A13F10500FF933A /* WiseApp.app */;
			productType = "com.apple.product-type.application";
		};
		7080851A2A13F10700FF933A /* WiseAppTests */ = {
			isa = PBXNativeTarget;
			buildConfigurationList = 708085322A13F10700FF933A /* Build configuration list for PBXNativeTarget "WiseAppTests" */;
			buildPhases = (
				708085172A13F10700FF933A /* Sources */,
				708085182A13F10700FF933A /* Frameworks */,
				708085192A13F10700FF933A /* Resources */,
			);
			buildRules = (
			);
			dependencies = (
				7080851D2A13F10700FF933A /* PBXTargetDependency */,
			);
			name = WiseAppTests;
			productName = WiseAppTests;
			productReference = 7080851B2A13F10700FF933A /* WiseAppTests.xctest */;
			productType = "com.apple.product-type.bundle.unit-test";
		};
		708085242A13F10700FF933A /* WiseAppUITests */ = {
			isa = PBXNativeTarget;
			buildConfigurationList = 708085352A13F10700FF933A /* Build configuration list for PBXNativeTarget "WiseAppUITests" */;
			buildPhases = (
				708085212A13F10700FF933A /* Sources */,
				708085222A13F10700FF933A /* Frameworks */,
				708085232A13F10700FF933A /* Resources */,
			);
			buildRules = (
			);
			dependencies = (
				708085272A13F10700FF933A /* PBXTargetDependency */,
			);
			name = WiseAppUITests;
			productName = WiseAppUITests;
			productReference = 708085252A13F10700FF933A /* WiseAppUITests.xctest */;
			productType = "com.apple.product-type.bundle.ui-testing";
		};
/* End PBXNativeTarget section */

/* Begin PBXProject section */
		708085032A13F10500FF933A /* Project object */ = {
			isa = PBXProject;
			attributes = {
				BuildIndependentTargetsInParallel = 1;
				LastSwiftUpdateCheck = 1420;
				LastUpgradeCheck = 1420;
				TargetAttributes = {
					7080850A2A13F10500FF933A = {
						CreatedOnToolsVersion = 14.2;
					};
					7080851A2A13F10700FF933A = {
						CreatedOnToolsVersion = 14.2;
						TestTargetID = 7080850A2A13F10500FF933A;
					};
					708085242A13F10700FF933A = {
						CreatedOnToolsVersion = 14.2;
						TestTargetID = 7080850A2A13F10500FF933A;
					};
				};
			};
			buildConfigurationList = 708085062A13F10500FF933A /* Build configuration list for PBXProject "WiseApp" */;
			compatibilityVersion = "Xcode 14.0";
			developmentRegion = en;
			hasScannedForEncodings = 0;
			knownRegions = (
				en,
				Base,
			);
			mainGroup = 708085022A13F10500FF933A;
			productRefGroup = 7080850C2A13F10500FF933A /* Products */;
			projectDirPath = "";
			projectRoot = "";
			targets = (
				7080850A2A13F10500FF933A /* WiseApp */,
				7080851A2A13F10700FF933A /* WiseAppTests */,
				708085242A13F10700FF933A /* WiseAppUITests */,
			);
		};
/* End PBXProject section */

/* Begin PBXResourcesBuildPhase section */
		708085092A13F10500FF933A /* Resources */ = {
			isa = PBXResourcesBuildPhase;
			buildActionMask = 2147483647;
			files = (
				708085162A13F10700FF933A /* Preview Assets.xcassets in Resources */,
				708085132A13F10700FF933A /* Assets.xcassets in Resources */,
			);
			runOnlyForDeploymentPostprocessing = 0;
		};
		708085192A13F10700FF933A /* Resources */ = {
			isa = PBXResourcesBuildPhase;
			buildActionMask = 2147483647;
			files = (
			);
			runOnlyForDeploymentPostprocessing = 0;
		};
		708085232A13F10700FF933A /* Resources */ = {
			isa = PBXResourcesBuildPhase;
			buildActionMask = 2147483647;
			files = (
			);
			runOnlyForDeploymentPostprocessing = 0;
		};
/* End PBXResourcesBuildPhase section */

/* Begin PBXSourcesBuildPhase section */
		708085072A13F10500FF933A /* Sources */ = {
			isa = PBXSourcesBuildPhase;
			buildActionMask = 2147483647;
			files = (
				7080853D2A14125E00FF933A /* Flow3.swift in Sources */,
				7080853B2A13FF9900FF933A /* Flow2.swift in Sources */,
				708085392A13FE2400FF933A /* IntroUI.swift in Sources */,
				708085112A13F10500FF933A /* ContentView.swift in Sources */,
				708085492A14355C00FF933A /* AllDoneView.swift in Sources */,
				708085452A1428F400FF933A /* Flow7.swift in Sources */,
				708085432A14281500FF933A /* Flow6.swift in Sources */,
				708085472A142BC500FF933A /* EnterEmailView.swift in Sources */,
				708085412A14251E00FF933A /* Flow5.swift in Sources */,
				7080853F2A14236B00FF933A /* Flow4.swift in Sources */,
				7080850F2A13F10500FF933A /* WiseAppApp.swift in Sources */,
				7080854B2A143C7200FF933A /* NotificationView.swift in Sources */,
				7080854D2A143DAA00FF933A /* MainPageView.swift in Sources */,
			);
			runOnlyForDeploymentPostprocessing = 0;
		};
		708085172A13F10700FF933A /* Sources */ = {
			isa = PBXSourcesBuildPhase;
			buildActionMask = 2147483647;
			files = (
				708085202A13F10700FF933A /* WiseAppTests.swift in Sources */,
			);
			runOnlyForDeploymentPostprocessing = 0;
		};
		708085212A13F10700FF933A /* Sources */ = {
			isa = PBXSourcesBuildPhase;
			buildActionMask = 2147483647;
			files = (
				7080852C2A13F10700FF933A /* WiseAppUITestsLaunchTests.swift in Sources */,
				7080852A2A13F10700FF933A /* WiseAppUITests.swift in Sources */,
			);
			runOnlyForDeploymentPostprocessing = 0;
		};
/* End PBXSourcesBuildPhase section */

/* Begin PBXTargetDependency section */
		7080851D2A13F10700FF933A /* PBXTargetDependency */ = {
			isa = PBXTargetDependency;
			target = 7080850A2A13F10500FF933A /* WiseApp */;
			targetProxy = 7080851C2A13F10700FF933A /* PBXContainerItemProxy */;
		};
		708085272A13F10700FF933A /* PBXTargetDependency */ = {
			isa = PBXTargetDependency;
			target = 7080850A2A13F10500FF933A /* WiseApp */;
			targetProxy = 708085262A13F10700FF933A /* PBXContainerItemProxy */;
		};
/* End PBXTargetDependency section */

/* Begin XCBuildConfiguration section */
		7080852D2A13F10700FF933A /* Debug */ = {
			isa = XCBuildConfiguration;
			buildSettings = {
				ALWAYS_SEARCH_USER_PATHS = NO;
				CLANG_ANALYZER_NONNULL = YES;
				CLANG_ANALYZER_NUMBER_OBJECT_CONVERSION = YES_AGGRESSIVE;
				CLANG_CXX_LANGUAGE_STANDARD = "gnu++20";
				CLANG_ENABLE_MODULES = YES;
				CLANG_ENABLE_OBJC_ARC = YES;
				CLANG_ENABLE_OBJC_WEAK = YES;
				CLANG_WARN_BLOCK_CAPTURE_AUTORELEASING = YES;
				CLANG_WARN_BOOL_CONVERSION = YES;
				CLANG_WARN_COMMA = YES;
				CLANG_WARN_CONSTANT_CONVERSION = YES;
				CLANG_WARN_DEPRECATED_OBJC_IMPLEMENTATIONS = YES;
				CLANG_WARN_DIRECT_OBJC_ISA_USAGE = YES_ERROR;
				CLANG_WARN_DOCUMENTATION_COMMENTS = YES;
				CLANG_WARN_EMPTY_BODY = YES;
				CLANG_WARN_ENUM_CONVERSION = YES;
				CLANG_WARN_INFINITE_RECURSION = YES;
				CLANG_WARN_INT_CONVERSION = YES;
				CLANG_WARN_NON_LITERAL_NULL_CONVERSION = YES;
				CLANG_WARN_OBJC_IMPLICIT_RETAIN_SELF = YES;
				CLANG_WARN_OBJC_LITERAL_CONVERSION = YES;
				CLANG_WARN_OBJC_ROOT_CLASS = YES_ERROR;
				CLANG_WARN_QUOTED_INCLUDE_IN_FRAMEWORK_HEADER = YES;
				CLANG_WARN_RANGE_LOOP_ANALYSIS = YES;
				CLANG_WARN_STRICT_PROTOTYPES = YES;
				CLANG_WARN_SUSPICIOUS_MOVE = YES;
				CLANG_WARN_UNGUARDED_AVAILABILITY = YES_AGGRESSIVE;
				CLANG_WARN_UNREACHABLE_CODE = YES;
				CLANG_WARN__DUPLICATE_METHOD_MATCH = YES;
				COPY_PHASE_STRIP = NO;
				DEBUG_INFORMATION_FORMAT = dwarf;
				ENABLE_STRICT_OBJC_MSGSEND = YES;
				ENABLE_TESTABILITY = YES;
				GCC_C_LANGUAGE_STANDARD = gnu11;
				GCC_DYNAMIC_NO_PIC = NO;
				GCC_NO_COMMON_BLOCKS = YES;
				GCC_OPTIMIZATION_LEVEL = 0;
				GCC_PREPROCESSOR_DEFINITIONS = (
					"DEBUG=1",
					"$(inherited)",
				);
				GCC_WARN_64_TO_32_BIT_CONVERSION = YES;
				GCC_WARN_ABOUT_RETURN_TYPE = YES_ERROR;
				GCC_WARN_UNDECLARED_SELECTOR = YES;
				GCC_WARN_UNINITIALIZED_AUTOS = YES_AGGRESSIVE;
				GCC_WARN_UNUSED_FUNCTION = YES;
				GCC_WARN_UNUSED_VARIABLE = YES;
				IPHONEOS_DEPLOYMENT_TARGET = 16.2;
				MTL_ENABLE_DEBUG_INFO = INCLUDE_SOURCE;
				MTL_FAST_MATH = YES;
				ONLY_ACTIVE_ARCH = YES;
				SDKROOT = iphoneos;
				SWIFT_ACTIVE_COMPILATION_CONDITIONS = DEBUG;
				SWIFT_OPTIMIZATION_LEVEL = "-Onone";
			};
			name = Debug;
		};
		7080852E2A13F10700FF933A /* Release */ = {
			isa = XCBuildConfiguration;
			buildSettings = {
				ALWAYS_SEARCH_USER_PATHS = NO;
				CLANG_ANALYZER_NONNULL = YES;
				CLANG_ANALYZER_NUMBER_OBJECT_CONVERSION = YES_AGGRESSIVE;
				CLANG_CXX_LANGUAGE_STANDARD = "gnu++20";
				CLANG_ENABLE_MODULES = YES;
				CLANG_ENABLE_OBJC_ARC = YES;
				CLANG_ENABLE_OBJC_WEAK = YES;
				CLANG_WARN_BLOCK_CAPTURE_AUTORELEASING = YES;
				CLANG_WARN_BOOL_CONVERSION = YES;
				CLANG_WARN_COMMA = YES;
				CLANG_WARN_CONSTANT_CONVERSION = YES;
				CLANG_WARN_DEPRECATED_OBJC_IMPLEMENTATIONS = YES;
				CLANG_WARN_DIRECT_OBJC_ISA_USAGE = YES_ERROR;
				CLANG_WARN_DOCUMENTATION_COMMENTS = YES;
				CLANG_WARN_EMPTY_BODY = YES;
				CLANG_WARN_ENUM_CONVERSION = YES;
				CLANG_WARN_INFINITE_RECURSION = YES;
				CLANG_WARN_INT_CONVERSION = YES;
				CLANG_WARN_NON_LITERAL_NULL_CONVERSION = YES;
				CLANG_WARN_OBJC_IMPLICIT_RETAIN_SELF = YES;
				CLANG_WARN_OBJC_LITERAL_CONVERSION = YES;
				CLANG_WARN_OBJC_ROOT_CLASS = YES_ERROR;
				CLANG_WARN_QUOTED_INCLUDE_IN_FRAMEWORK_HEADER = YES;
				CLANG_WARN_RANGE_LOOP_ANALYSIS = YES;
				CLANG_WARN_STRICT_PROTOTYPES = YES;
				CLANG_WARN_SUSPICIOUS_MOVE = YES;
				CLANG_WARN_UNGUARDED_AVAILABILITY = YES_AGGRESSIVE;
				CLANG_WARN_UNREACHABLE_CODE = YES;
				CLANG_WARN__DUPLICATE_METHOD_MATCH = YES;
				COPY_PHASE_STRIP = NO;
				DEBUG_INFORMATION_FORMAT = "dwarf-with-dsym";
				ENABLE_NS_ASSERTIONS = NO;
				ENABLE_STRICT_OBJC_MSGSEND = YES;
				GCC_C_LANGUAGE_STANDARD = gnu11;
				GCC_NO_COMMON_BLOCKS = YES;
				GCC_WARN_64_TO_32_BIT_CONVERSION = YES;
				GCC_WARN_ABOUT_RETURN_TYPE = YES_ERROR;
				GCC_WARN_UNDECLARED_SELECTOR = YES;
				GCC_WARN_UNINITIALIZED_AUTOS = YES_AGGRESSIVE;
				GCC_WARN_UNUSED_FUNCTION = YES;
				GCC_WARN_UNUSED_VARIABLE = YES;
				IPHONEOS_DEPLOYMENT_TARGET = 16.2;
				MTL_ENABLE_DEBUG_INFO = NO;
				MTL_FAST_MATH = YES;
				SDKROOT = iphoneos;
				SWIFT_COMPILATION_MODE = wholemodule;
				SWIFT_OPTIMIZATION_LEVEL = "-O";
				VALIDATE_PRODUCT = YES;
			};
			name = Release;
		};
		708085302A13F10700FF933A /* Debug */ = {
			isa = XCBuildConfiguration;
			buildSettings = {
				ASSETCATALOG_COMPILER_APPICON_NAME = AppIcon;
				ASSETCATALOG_COMPILER_GLOBAL_ACCENT_COLOR_NAME = AccentColor;
				CODE_SIGN_STYLE = Automatic;
				CURRENT_PROJECT_VERSION = 1;
				DEVELOPMENT_ASSET_PATHS = "\"WiseApp/Preview Content\"";
				DEVELOPMENT_TEAM = DA42MCR9GG;
				ENABLE_PREVIEWS = YES;
				GENERATE_INFOPLIST_FILE = YES;
				INFOPLIST_KEY_UIApplicationSceneManifest_Generation = YES;
				INFOPLIST_KEY_UIApplicationSupportsIndirectInputEvents = YES;
				INFOPLIST_KEY_UILaunchScreen_Generation = YES;
				INFOPLIST_KEY_UISupportedInterfaceOrientations_iPad = "UIInterfaceOrientationPortrait UIInterfaceOrientationPortraitUpsideDown UIInterfaceOrientationLandscapeLeft UIInterfaceOrientationLandscapeRight";
				INFOPLIST_KEY_UISupportedInterfaceOrientations_iPhone = "UIInterfaceOrientationPortrait UIInterfaceOrientationLandscapeLeft UIInterfaceOrientationLandscapeRight";
				LD_RUNPATH_SEARCH_PATHS = (
					"$(inherited)",
					"@executable_path/Frameworks",
				);
				MARKETING_VERSION = 1.0;
				PRODUCT_BUNDLE_IDENTIFIER = Moalsayyed.WiseApp;
				PRODUCT_NAME = "$(TARGET_NAME)";
				SWIFT_EMIT_LOC_STRINGS = YES;
				SWIFT_VERSION = 5.0;
				TARGETED_DEVICE_FAMILY = "1,2";
			};
			name = Debug;
		};
		708085312A13F10700FF933A /* Release */ = {
			isa = XCBuildConfiguration;
			buildSettings = {
				ASSETCATALOG_COMPILER_APPICON_NAME = AppIcon;
				ASSETCATALOG_COMPILER_GLOBAL_ACCENT_COLOR_NAME = AccentColor;
				CODE_SIGN_STYLE = Automatic;
				CURRENT_PROJECT_VERSION = 1;
				DEVELOPMENT_ASSET_PATHS = "\"WiseApp/Preview Content\"";
				DEVELOPMENT_TEAM = DA42MCR9GG;
				ENABLE_PREVIEWS = YES;
				GENERATE_INFOPLIST_FILE = YES;
				INFOPLIST_KEY_UIApplicationSceneManifest_Generation = YES;
				INFOPLIST_KEY_UIApplicationSupportsIndirectInputEvents = YES;
				INFOPLIST_KEY_UILaunchScreen_Generation = YES;
				INFOPLIST_KEY_UISupportedInterfaceOrientations_iPad = "UIInterfaceOrientationPortrait UIInterfaceOrientationPortraitUpsideDown UIInterfaceOrientationLandscapeLeft UIInterfaceOrientationLandscapeRight";
				INFOPLIST_KEY_UISupportedInterfaceOrientations_iPhone = "UIInterfaceOrientationPortrait UIInterfaceOrientationLandscapeLeft UIInterfaceOrientationLandscapeRight";
				LD_RUNPATH_SEARCH_PATHS = (
					"$(inherited)",
					"@executable_path/Frameworks",
				);
				MARKETING_VERSION = 1.0;
				PRODUCT_BUNDLE_IDENTIFIER = Moalsayyed.WiseApp;
				PRODUCT_NAME = "$(TARGET_NAME)";
				SWIFT_EMIT_LOC_STRINGS = YES;
				SWIFT_VERSION = 5.0;
				TARGETED_DEVICE_FAMILY = "1,2";
			};
			name = Release;
		};
		708085332A13F10700FF933A /* Debug */ = {
			isa = XCBuildConfiguration;
			buildSettings = {
				ALWAYS_EMBED_SWIFT_STANDARD_LIBRARIES = YES;
				BUNDLE_LOADER = "$(TEST_HOST)";
				CODE_SIGN_STYLE = Automatic;
				CURRENT_PROJECT_VERSION = 1;
				DEVELOPMENT_TEAM = DA42MCR9GG;
				GENERATE_INFOPLIST_FILE = YES;
				IPHONEOS_DEPLOYMENT_TARGET = 16.2;
				MARKETING_VERSION = 1.0;
				PRODUCT_BUNDLE_IDENTIFIER = Moalsayyed.WiseAppTests;
				PRODUCT_NAME = "$(TARGET_NAME)";
				SWIFT_EMIT_LOC_STRINGS = NO;
				SWIFT_VERSION = 5.0;
				TARGETED_DEVICE_FAMILY = "1,2";
				TEST_HOST = "$(BUILT_PRODUCTS_DIR)/WiseApp.app/$(BUNDLE_EXECUTABLE_FOLDER_PATH)/WiseApp";
			};
			name = Debug;
		};
		708085342A13F10700FF933A /* Release */ = {
			isa = XCBuildConfiguration;
			buildSettings = {
				ALWAYS_EMBED_SWIFT_STANDARD_LIBRARIES = YES;
				BUNDLE_LOADER = "$(TEST_HOST)";
				CODE_SIGN_STYLE = Automatic;
				CURRENT_PROJECT_VERSION = 1;
				DEVELOPMENT_TEAM = DA42MCR9GG;
				GENERATE_INFOPLIST_FILE = YES;
				IPHONEOS_DEPLOYMENT_TARGET = 16.2;
				MARKETING_VERSION = 1.0;
				PRODUCT_BUNDLE_IDENTIFIER = Moalsayyed.WiseAppTests;
				PRODUCT_NAME = "$(TARGET_NAME)";
				SWIFT_EMIT_LOC_STRINGS = NO;
				SWIFT_VERSION = 5.0;
				TARGETED_DEVICE_FAMILY = "1,2";
				TEST_HOST = "$(BUILT_PRODUCTS_DIR)/WiseApp.app/$(BUNDLE_EXECUTABLE_FOLDER_PATH)/WiseApp";
			};
			name = Release;
		};
		708085362A13F10700FF933A /* Debug */ = {
			isa = XCBuildConfiguration;
			buildSettings = {
				ALWAYS_EMBED_SWIFT_STANDARD_LIBRARIES = YES;
				CODE_SIGN_STYLE = Automatic;
				CURRENT_PROJECT_VERSION = 1;
				DEVELOPMENT_TEAM = DA42MCR9GG;
				GENERATE_INFOPLIST_FILE = YES;
				MARKETING_VERSION = 1.0;
				PRODUCT_BUNDLE_IDENTIFIER = Moalsayyed.WiseAppUITests;
				PRODUCT_NAME = "$(TARGET_NAME)";
				SWIFT_EMIT_LOC_STRINGS = NO;
				SWIFT_VERSION = 5.0;
				TARGETED_DEVICE_FAMILY = "1,2";
				TEST_TARGET_NAME = WiseApp;
			};
			name = Debug;
		};
		708085372A13F10700FF933A /* Release */ = {
			isa = XCBuildConfiguration;
			buildSettings = {
				ALWAYS_EMBED_SWIFT_STANDARD_LIBRARIES = YES;
				CODE_SIGN_STYLE = Automatic;
				CURRENT_PROJECT_VERSION = 1;
				DEVELOPMENT_TEAM = DA42MCR9GG;
				GENERATE_INFOPLIST_FILE = YES;
				MARKETING_VERSION = 1.0;
				PRODUCT_BUNDLE_IDENTIFIER = Moalsayyed.WiseAppUITests;
				PRODUCT_NAME = "$(TARGET_NAME)";
				SWIFT_EMIT_LOC_STRINGS = NO;
				SWIFT_VERSION = 5.0;
				TARGETED_DEVICE_FAMILY = "1,2";
				TEST_TARGET_NAME = WiseApp;
			};
			name = Release;
		};
/* End XCBuildConfiguration section */

/* Begin XCConfigurationList section */
		708085062A13F10500FF933A /* Build configuration list for PBXProject "WiseApp" */ = {
			isa = XCConfigurationList;
			buildConfigurations = (
				7080852D2A13F10700FF933A /* Debug */,
				7080852E2A13F10700FF933A /* Release */,
			);
			defaultConfigurationIsVisible = 0;
			defaultConfigurationName = Release;
		};
		7080852F2A13F10700FF933A /* Build configuration list for PBXNativeTarget "WiseApp" */ = {
			isa = XCConfigurationList;
			buildConfigurations = (
				708085302A13F10700FF933A /* Debug */,
				708085312A13F10700FF933A /* Release */,
			);
			defaultConfigurationIsVisible = 0;
			defaultConfigurationName = Release;
		};
		708085322A13F10700FF933A /* Build configuration list for PBXNativeTarget "WiseAppTests" */ = {
			isa = XCConfigurationList;
			buildConfigurations = (
				708085332A13F10700FF933A /* Debug */,
				708085342A13F10700FF933A /* Release */,
			);
			defaultConfigurationIsVisible = 0;
			defaultConfigurationName = Release;
		};
		708085352A13F10700FF933A /* Build configuration list for PBXNativeTarget "WiseAppUITests" */ = {
			isa = XCConfigurationList;
			buildConfigurations = (
				708085362A13F10700FF933A /* Debug */,
				708085372A13F10700FF933A /* Release */,
			);
			defaultConfigurationIsVisible = 0;
			defaultConfigurationName = Release;
		};
/* End XCConfigurationList section */
	};
	rootObject = 708085032A13F10500FF933A /* Project object */;
}
